# generated by rye
# use `rye lock` or `rye sync` to update this lockfile
#
# last locked with the following flags:
#   pre: false
#   features: []
#   all-features: false
#   with-sources: false

-e file:.
aider-chat==0.34.0
    # via aider-mokumoku
aiohttp==3.9.5
    # via aider-chat
    # via litellm
aiosignal==1.3.1
    # via aider-chat
    # via aiohttp
altair==5.3.0
    # via aider-chat
    # via streamlit
annotated-types==0.6.0
    # via aider-chat
    # via pydantic
anyio==4.3.0
    # via aider-chat
    # via httpx
    # via openai
attrs==23.2.0
    # via aider-chat
    # via aiohttp
    # via jsonschema
    # via referencing
backoff==2.2.1
    # via aider-chat
beautifulsoup4==4.12.3
    # via aider-chat
blinker==1.8.2
    # via aider-chat
    # via streamlit
cachetools==5.3.3
    # via aider-chat
    # via google-auth
    # via streamlit
certifi==2024.2.2
    # via aider-chat
    # via httpcore
    # via httpx
    # via requests
cffi==1.16.0
    # via aider-chat
    # via sounddevice
    # via soundfile
charset-normalizer==3.3.2
    # via aider-chat
    # via requests
click==8.1.7
    # via aider-chat
    # via litellm
    # via streamlit
configargparse==1.7
    # via aider-chat
diff-match-patch==20230430
    # via aider-chat
diskcache==5.6.3
    # via aider-chat
distro==1.9.0
    # via aider-chat
    # via openai
filelock==3.14.0
    # via aider-chat
    # via huggingface-hub
frozenlist==1.4.1
    # via aider-chat
    # via aiohttp
    # via aiosignal
fsspec==2024.3.1
    # via aider-chat
    # via huggingface-hub
gitdb==4.0.11
    # via aider-chat
    # via gitpython
gitpython==3.1.43
    # via aider-chat
    # via streamlit
google-ai-generativelanguage==0.6.2
    # via aider-chat
    # via google-generativeai
google-api-core==2.19.0
    # via aider-chat
    # via google-ai-generativelanguage
    # via google-api-python-client
    # via google-generativeai
google-api-python-client==2.128.0
    # via aider-chat
    # via google-generativeai
google-auth==2.29.0
    # via aider-chat
    # via google-ai-generativelanguage
    # via google-api-core
    # via google-api-python-client
    # via google-auth-httplib2
    # via google-generativeai
google-auth-httplib2==0.2.0
    # via aider-chat
    # via google-api-python-client
google-generativeai==0.5.2
    # via aider-chat
googleapis-common-protos==1.63.0
    # via aider-chat
    # via google-api-core
    # via grpcio-status
greenlet==3.0.3
    # via aider-chat
    # via playwright
grep-ast==0.2.4
    # via aider-chat
grpcio==1.63.0
    # via aider-chat
    # via google-api-core
    # via grpcio-status
grpcio-status==1.62.2
    # via aider-chat
    # via google-api-core
h11==0.14.0
    # via aider-chat
    # via httpcore
httpcore==1.0.5
    # via aider-chat
    # via httpx
httplib2==0.22.0
    # via aider-chat
    # via google-api-python-client
    # via google-auth-httplib2
httpx==0.27.0
    # via aider-chat
    # via openai
huggingface-hub==0.23.0
    # via aider-chat
    # via tokenizers
idna==3.7
    # via aider-chat
    # via anyio
    # via httpx
    # via requests
    # via yarl
importlib-metadata==7.1.0
    # via aider-chat
    # via litellm
jinja2==3.1.4
    # via aider-chat
    # via altair
    # via litellm
    # via pydeck
jsonschema==4.22.0
    # via aider-chat
    # via altair
jsonschema-specifications==2023.12.1
    # via aider-chat
    # via jsonschema
litellm==1.36.2
    # via aider-chat
markdown-it-py==3.0.0
    # via aider-chat
    # via rich
markupsafe==2.1.5
    # via aider-chat
    # via jinja2
mdurl==0.1.2
    # via aider-chat
    # via markdown-it-py
multidict==6.0.5
    # via aider-chat
    # via aiohttp
    # via yarl
networkx==3.2.1
    # via aider-chat
numpy==1.26.4
    # via aider-chat
    # via altair
    # via pandas
    # via pyarrow
    # via pydeck
    # via scipy
    # via streamlit
openai==1.26.0
    # via aider-chat
    # via litellm
packaging==24.0
    # via aider-chat
    # via altair
    # via huggingface-hub
    # via streamlit
pandas==2.2.2
    # via aider-chat
    # via altair
    # via streamlit
pathspec==0.12.1
    # via aider-chat
    # via grep-ast
pillow==10.3.0
    # via aider-chat
    # via streamlit
playwright==1.43.0
    # via aider-chat
prompt-toolkit==3.0.43
    # via aider-chat
proto-plus==1.23.0
    # via aider-chat
    # via google-ai-generativelanguage
    # via google-api-core
protobuf==4.25.3
    # via aider-chat
    # via google-ai-generativelanguage
    # via google-api-core
    # via google-generativeai
    # via googleapis-common-protos
    # via grpcio-status
    # via proto-plus
    # via streamlit
pyarrow==16.0.0
    # via aider-chat
    # via streamlit
pyasn1==0.6.0
    # via aider-chat
    # via pyasn1-modules
    # via rsa
pyasn1-modules==0.4.0
    # via aider-chat
    # via google-auth
pycparser==2.22
    # via aider-chat
    # via cffi
pydantic==2.7.1
    # via aider-chat
    # via google-generativeai
    # via openai
pydantic-core==2.18.2
    # via aider-chat
    # via pydantic
pydeck==0.9.0
    # via aider-chat
    # via streamlit
pyee==11.1.0
    # via aider-chat
    # via playwright
pygments==2.18.0
    # via aider-chat
    # via rich
pypandoc==1.13
    # via aider-chat
pyparsing==3.1.2
    # via aider-chat
    # via httplib2
python-dateutil==2.9.0.post0
    # via aider-chat
    # via pandas
python-dotenv==1.0.1
    # via aider-chat
    # via litellm
pytz==2024.1
    # via aider-chat
    # via pandas
pyyaml==6.0.1
    # via aider-chat
    # via huggingface-hub
referencing==0.35.1
    # via aider-chat
    # via jsonschema
    # via jsonschema-specifications
regex==2024.4.28
    # via aider-chat
    # via tiktoken
requests==2.31.0
    # via aider-chat
    # via google-api-core
    # via huggingface-hub
    # via litellm
    # via streamlit
    # via tiktoken
rich==13.7.1
    # via aider-chat
    # via streamlit
rpds-py==0.18.1
    # via aider-chat
    # via jsonschema
    # via referencing
rsa==4.9
    # via aider-chat
    # via google-auth
scipy==1.13.0
    # via aider-chat
six==1.16.0
    # via aider-chat
    # via python-dateutil
smmap==5.0.1
    # via aider-chat
    # via gitdb
sniffio==1.3.1
    # via aider-chat
    # via anyio
    # via httpx
    # via openai
sounddevice==0.4.6
    # via aider-chat
soundfile==0.12.1
    # via aider-chat
soupsieve==2.5
    # via aider-chat
    # via beautifulsoup4
streamlit==1.34.0
    # via aider-chat
tenacity==8.3.0
    # via aider-chat
    # via streamlit
tiktoken==0.6.0
    # via aider-chat
    # via litellm
tokenizers==0.19.1
    # via aider-chat
    # via litellm
toml==0.10.2
    # via aider-chat
    # via streamlit
toolz==0.12.1
    # via aider-chat
    # via altair
tornado==6.4
    # via aider-chat
    # via streamlit
tqdm==4.66.4
    # via aider-chat
    # via google-generativeai
    # via huggingface-hub
    # via openai
tree-sitter==0.21.3
    # via aider-chat
    # via tree-sitter-languages
tree-sitter-languages==1.10.2
    # via aider-chat
    # via grep-ast
typing-extensions==4.11.0
    # via aider-chat
    # via google-generativeai
    # via huggingface-hub
    # via openai
    # via pydantic
    # via pydantic-core
    # via pyee
    # via streamlit
tzdata==2024.1
    # via aider-chat
    # via pandas
uritemplate==4.1.1
    # via aider-chat
    # via google-api-python-client
urllib3==2.2.1
    # via aider-chat
    # via requests
watchdog==4.0.0
    # via streamlit
wcwidth==0.2.13
    # via aider-chat
    # via prompt-toolkit
yarl==1.9.4
    # via aider-chat
    # via aiohttp
zipp==3.18.1
    # via aider-chat
    # via importlib-metadata
